{
  "name": "@firestone-hs/replay-parser",
  "version": "1.1.13",
  "lockfileVersion": 1,
  "requires": true,
  "dependencies": {
    "@firestone-hs/reference-data": {
      "version": "0.1.23",
      "resolved": "https://registry.npmjs.org/@firestone-hs/reference-data/-/reference-data-0.1.23.tgz",
      "integrity": "sha512-Iw5HIGKwoZ9v6fqQjVJFrF4oa9UcAZIqCgwjSzV/VayhOrS2cNk9IXrlcQ9gQqWd3xTt6RyXYWftteQ3Ml6i8A==",
      "requires": {
        "tslib": "^1.9.0"
      }
    },
    "tslib": {
      "version": "1.11.1",
      "resolved": "https://registry.npmjs.org/tslib/-/tslib-1.11.1.tgz",
      "integrity": "sha512-aZW88SY8kQbU7gpV19lN24LtXh/yD4ZZg6qieAJDDg+YBsJcSmLGK9QpnUjAKVG/xefmvJGd1WUmfpT/g6AJGA=="
    }
  }
}
