{
	"name": "coliseum-components",
	"version": "0.0.1",
	"lockfileVersion": 1,
	"requires": true,
	"dependencies": {
		"ng2-fittext": {
			"version": "1.2.8",
			"resolved": "https://registry.npmjs.org/ng2-fittext/-/ng2-fittext-1.2.8.tgz",
			"integrity": "sha512-XAWfYhHgQ25YYacb13wuApD+fOjCcaKAE8uneVuXyI/aFX8sO0vwaQz6WD1/9zVqgKtY6DP6o8AJ2VI8OwXqSw=="
		}
	}
}
